
Microsoft Visual Studio Solution File, Format Version 12.00
# Visual Studio Version 17
VisualStudioVersion = 17.0.31903.59
MinimumVisualStudioVersion = 10.0.40219.1
Project("{9A19103F-16F7-4668-BE54-9A1E7A4F7556}") = "WeatherForecastAPI", "WeatherForecastAPI\WeatherForecastAPI.csproj", "{088D7394-89D2-4417-8EDE-01672460E2C7}"
EndProject
Project("{2150E333-8FDC-42A3-9474-1A3956D46DE8}") = "Solution Items", "Solution Items", "{F1B2CB2D-36CE-4BFA-BD69-5D11FED9976F}"
	ProjectSection(SolutionItems) = preProject
		.dockerignore = .dockerignore
		docker-compose.yml = docker-compose.yml
		Dockerfile.api = Dockerfile.api
		Dockerfile.tests = Dockerfile.tests
		LICENSE = LICENSE
		README.md = README.md
	EndProjectSection
EndProject
Project("{9A19103F-16F7-4668-BE54-9A1E7A4F7556}") = "WeatherForecastAPI.Tests", "WeatherForecastAPI.Tests\WeatherForecastAPI.Tests.csproj", "{25583A21-8D1D-4EB4-8FEC-C6446B1C1E08}"
EndProject
Global
	GlobalSection(SolutionConfigurationPlatforms) = preSolution
		Debug|Any CPU = Debug|Any CPU
		Release|Any CPU = Release|Any CPU
	EndGlobalSection
	GlobalSection(ProjectConfigurationPlatforms) = postSolution
		{088D7394-89D2-4417-8EDE-01672460E2C7}.Debug|Any CPU.ActiveCfg = Debug|Any CPU
		{088D7394-89D2-4417-8EDE-01672460E2C7}.Debug|Any CPU.Build.0 = Debug|Any CPU
		{088D7394-89D2-4417-8EDE-01672460E2C7}.Release|Any CPU.ActiveCfg = Release|Any CPU
		{088D7394-89D2-4417-8EDE-01672460E2C7}.Release|Any CPU.Build.0 = Release|Any CPU
		{25583A21-8D1D-4EB4-8FEC-C6446B1C1E08}.Debug|Any CPU.ActiveCfg = Debug|Any CPU
		{25583A21-8D1D-4EB4-8FEC-C6446B1C1E08}.Debug|Any CPU.Build.0 = Debug|Any CPU
		{25583A21-8D1D-4EB4-8FEC-C6446B1C1E08}.Release|Any CPU.ActiveCfg = Release|Any CPU
		{25583A21-8D1D-4EB4-8FEC-C6446B1C1E08}.Release|Any CPU.Build.0 = Release|Any CPU
	EndGlobalSection
	GlobalSection(SolutionProperties) = preSolution
		HideSolutionNode = FALSE
	EndGlobalSection
	GlobalSection(ExtensibilityGlobals) = postSolution
		SolutionGuid = {5EC21162-8489-4BB5-AB93-F50CEC3158AE}
	EndGlobalSection
EndGlobal
